# This file was autogenerated by Stack.
# You should not edit this file by hand.
# For more information, please see the documentation at:
#   https://docs.haskellstack.org/en/stable/lock_files

packages:
- completed:
    subdir: gogol
    name: gogol
    version: 0.5.0
    git: https://github.com/lemois/gogol.git
    pantry-tree:
      size: 1289
      sha256: d5a480083b983f2df9a1487a5df5b290c3ae4d9d2d36a021c19c3797aecfeadf
    commit: 08067c9fa7db7180a4f27d402e98c0c394991869
  original:
    subdir: gogol
    git: https://github.com/lemois/gogol.git
    commit: 08067c9fa7db7180a4f27d402e98c0c394991869
- completed:
    subdir: core
    name: gogol-core
    version: 0.5.0
    git: https://github.com/lemois/gogol.git
    pantry-tree:
      size: 732
      sha256: 660d125fcb86038a6508fbec2c06efae6f4e9376a71ff13a4c86eb0ca3c16d40
    commit: 08067c9fa7db7180a4f27d402e98c0c394991869
  original:
    subdir: core
    git: https://github.com/lemois/gogol.git
    commit: 08067c9fa7db7180a4f27d402e98c0c394991869
snapshots:
- completed:
    size: 501504
    url: https://raw.githubusercontent.com/commercialhaskell/stackage-snapshots/master/lts/12/4.yaml
    sha256: 58c30f58d877b569461a241956dd27c9e5d69ee95c8889171baba8bbaaa5b093
  original: lts-12.4
